{
  "requires": true,
  "lockfileVersion": 1,
  "dependencies": {
    "angular2-flash-messages": {
      "version": "2.0.5",
      "resolved": "https://registry.npmjs.org/angular2-flash-messages/-/angular2-flash-messages-2.0.5.tgz",
      "integrity": "sha1-WGbIuN+X0NCDIIX+vA8vRB/pneI="
    }
  }
}
